{
  "name": "fizzbuzz",
  "version": "1.0.0",
  "lockfileVersion": 3,
  "requires": true,
  "packages": {
    "": {
      "name": "fizzbuzz",
      "version": "1.0.0",
      "license": "ISC",
      "dependencies": {
        "tinyinput": "^0.0.1"
      }
    },
    "node_modules/tinyinput": {
      "version": "0.0.1",
      "resolved": "https://registry.npmjs.org/tinyinput/-/tinyinput-0.0.1.tgz",
      "integrity": "sha512-98cYW497yT9WgPfJvLctSeoEFpdYH9hS17ebOFiSm2sD3qX4xH0OWH+UDyY88mHd0ccuIsuGXIyXv9RC+ShLcw==",
      "license": "MIT"
    }
  }
}
